
Microsoft Visual Studio Solution File, Format Version 12.00
# Visual Studio Version 17
VisualStudioVersion = 17.3.32929.385
MinimumVisualStudioVersion = 10.0.40219.1
Project("{FAE04EC0-301F-11D3-BF4B-00C04F79EFBC}") = "homework-27.11.22", "homework-27.11.22\homework-27.11.22.csproj", "{116F9292-00E0-477E-8218-FE55EF20A390}"
EndProject
Global
	GlobalSection(SolutionConfigurationPlatforms) = preSolution
		Debug|Any CPU = Debug|Any CPU
		Release|Any CPU = Release|Any CPU
	EndGlobalSection
	GlobalSection(ProjectConfigurationPlatforms) = postSolution
		{116F9292-00E0-477E-8218-FE55EF20A390}.Debug|Any CPU.ActiveCfg = Debug|Any CPU
		{116F9292-00E0-477E-8218-FE55EF20A390}.Debug|Any CPU.Build.0 = Debug|Any CPU
		{116F9292-00E0-477E-8218-FE55EF20A390}.Release|Any CPU.ActiveCfg = Release|Any CPU
		{116F9292-00E0-477E-8218-FE55EF20A390}.Release|Any CPU.Build.0 = Release|Any CPU
	EndGlobalSection
	GlobalSection(SolutionProperties) = preSolution
		HideSolutionNode = FALSE
	EndGlobalSection
	GlobalSection(ExtensibilityGlobals) = postSolution
		SolutionGuid = {40F63864-69A4-43A6-83F6-B2BFD6B60261}
	EndGlobalSection
EndGlobal
